
Microsoft Visual Studio Solution File, Format Version 12.00
# Visual Studio Version 17
VisualStudioVersion = 17.7.34031.279
MinimumVisualStudioVersion = 10.0.40219.1
Project("{FAE04EC0-301F-11D3-BF4B-00C04F79EFBC}") = "JoTPK_MonogamePort", "JoTPK_MonogamePort\JoTPK_MonogamePort.csproj", "{B44AD62A-5DF0-447E-B0C5-7B768E68A451}"
EndProject
Global
	GlobalSection(SolutionConfigurationPlatforms) = preSolution
		Debug|Any CPU = Debug|Any CPU
		Release|Any CPU = Release|Any CPU
	EndGlobalSection
	GlobalSection(ProjectConfigurationPlatforms) = postSolution
		{B44AD62A-5DF0-447E-B0C5-7B768E68A451}.Debug|Any CPU.ActiveCfg = Debug|Any CPU
		{B44AD62A-5DF0-447E-B0C5-7B768E68A451}.Debug|Any CPU.Build.0 = Debug|Any CPU
		{B44AD62A-5DF0-447E-B0C5-7B768E68A451}.Release|Any CPU.ActiveCfg = Release|Any CPU
		{B44AD62A-5DF0-447E-B0C5-7B768E68A451}.Release|Any CPU.Build.0 = Release|Any CPU
	EndGlobalSection
	GlobalSection(SolutionProperties) = preSolution
		HideSolutionNode = FALSE
	EndGlobalSection
	GlobalSection(ExtensibilityGlobals) = postSolution
		SolutionGuid = {AFA9E77A-25F4-4144-B9D8-8F4E528E2D7B}
	EndGlobalSection
EndGlobal
